// !$*UTF8*$!
{
	archiveVersion = 1;
	classes = {
	};
	objectVersion = 56;
	objects = {

/* Begin PBXBuildFile section */
		1CBFE8862A1F87FF003A65ED /* SplashScreenView.swift in Sources */ = {isa = PBXBuildFile; fileRef = 1CBFE8852A1F87FF003A65ED /* SplashScreenView.swift */; };
		1CBFE8892A1F8819003A65ED /* SnapKit in Frameworks */ = {isa = PBXBuildFile; productRef = 1CBFE8882A1F8819003A65ED /* SnapKit */; };
		1CBFE8952A1F8DC0003A65ED /* gothampro_blackitalic.ttf in Resources */ = {isa = PBXBuildFile; fileRef = 1CBFE88B2A1F8DC0003A65ED /* gothampro_blackitalic.ttf */; };
		1CBFE8962A1F8DC0003A65ED /* gothampro_light.ttf in Resources */ = {isa = PBXBuildFile; fileRef = 1CBFE88C2A1F8DC0003A65ED /* gothampro_light.ttf */; };
		1CBFE8972A1F8DC0003A65ED /* gothampro_italic.ttf in Resources */ = {isa = PBXBuildFile; fileRef = 1CBFE88D2A1F8DC0003A65ED /* gothampro_italic.ttf */; };
		1CBFE8982A1F8DC0003A65ED /* gothampro_medium.ttf in Resources */ = {isa = PBXBuildFile; fileRef = 1CBFE88E2A1F8DC0003A65ED /* gothampro_medium.ttf */; };
		1CBFE8992A1F8DC0003A65ED /* gothampro.ttf in Resources */ = {isa = PBXBuildFile; fileRef = 1CBFE88F2A1F8DC0003A65ED /* gothampro.ttf */; };
		1CBFE89A2A1F8DC0003A65ED /* gothampro_bold.ttf in Resources */ = {isa = PBXBuildFile; fileRef = 1CBFE8902A1F8DC0003A65ED /* gothampro_bold.ttf */; };
		1CBFE89B2A1F8DC0003A65ED /* gothampro_bolditalic.ttf in Resources */ = {isa = PBXBuildFile; fileRef = 1CBFE8912A1F8DC0003A65ED /* gothampro_bolditalic.ttf */; };
		1CBFE89C2A1F8DC0003A65ED /* gothampro_lightitalic.ttf in Resources */ = {isa = PBXBuildFile; fileRef = 1CBFE8922A1F8DC0003A65ED /* gothampro_lightitalic.ttf */; };
		1CBFE89D2A1F8DC0003A65ED /* gothampro_mediumitalic.ttf in Resources */ = {isa = PBXBuildFile; fileRef = 1CBFE8932A1F8DC0003A65ED /* gothampro_mediumitalic.ttf */; };
		1CBFE89E2A1F8DC0003A65ED /* gothampro_black.ttf in Resources */ = {isa = PBXBuildFile; fileRef = 1CBFE8942A1F8DC0003A65ED /* gothampro_black.ttf */; };
		1CD97DDB2A1F82D90004518D /* AppDelegate.swift in Sources */ = {isa = PBXBuildFile; fileRef = 1CD97DDA2A1F82D90004518D /* AppDelegate.swift */; };
		1CD97DDD2A1F82D90004518D /* SceneDelegate.swift in Sources */ = {isa = PBXBuildFile; fileRef = 1CD97DDC2A1F82D90004518D /* SceneDelegate.swift */; };
		1CD97DDF2A1F82D90004518D /* SplashViewController.swift in Sources */ = {isa = PBXBuildFile; fileRef = 1CD97DDE2A1F82D90004518D /* SplashViewController.swift */; };
		1CD97DE42A1F82DA0004518D /* Assets.xcassets in Resources */ = {isa = PBXBuildFile; fileRef = 1CD97DE32A1F82DA0004518D /* Assets.xcassets */; };
		1CD97DE72A1F82DA0004518D /* LaunchScreen.storyboard in Resources */ = {isa = PBXBuildFile; fileRef = 1CD97DE52A1F82DA0004518D /* LaunchScreen.storyboard */; };
		1CDA8A6E2A20C9A40046856B /* LoginViewController.swift in Sources */ = {isa = PBXBuildFile; fileRef = 1CDA8A6D2A20C9A40046856B /* LoginViewController.swift */; };
		1CDA8A712A20CC4B0046856B /* LoginScreenView.swift in Sources */ = {isa = PBXBuildFile; fileRef = 1CDA8A702A20CC4B0046856B /* LoginScreenView.swift */; };
		1CDA8A732A2375810046856B /* LoginViewModel.swift in Sources */ = {isa = PBXBuildFile; fileRef = 1CDA8A722A2375810046856B /* LoginViewModel.swift */; };
		1CDA8A792A24BB6C0046856B /* RegistrationViewController.swift in Sources */ = {isa = PBXBuildFile; fileRef = 1CDA8A782A24BB6C0046856B /* RegistrationViewController.swift */; };
		1CDA8A7B2A24BB7A0046856B /* RegistrationScreenView.swift in Sources */ = {isa = PBXBuildFile; fileRef = 1CDA8A7A2A24BB7A0046856B /* RegistrationScreenView.swift */; };
		1CDA8A7E2A2775930046856B /* ResetViewController.swift in Sources */ = {isa = PBXBuildFile; fileRef = 1CDA8A7D2A2775930046856B /* ResetViewController.swift */; };
		1CDA8A802A27759D0046856B /* ResetView.swift in Sources */ = {isa = PBXBuildFile; fileRef = 1CDA8A7F2A27759D0046856B /* ResetView.swift */; };
		1CDA8A832A2B34D00046856B /* CustomTextField.swift in Sources */ = {isa = PBXBuildFile; fileRef = 1CDA8A822A2B34D00046856B /* CustomTextField.swift */; };
		1CDA8A852A2DCC7A0046856B /* UserModel.swift in Sources */ = {isa = PBXBuildFile; fileRef = 1CDA8A842A2DCC7A0046856B /* UserModel.swift */; };
		1CDA8A882A2DCCAB0046856B /* UserService.swift in Sources */ = {isa = PBXBuildFile; fileRef = 1CDA8A872A2DCCAB0046856B /* UserService.swift */; };
/* End PBXBuildFile section */

/* Begin PBXFileReference section */
		1CBFE8852A1F87FF003A65ED /* SplashScreenView.swift */ = {isa = PBXFileReference; lastKnownFileType = sourcecode.swift; path = SplashScreenView.swift; sourceTree = "<group>"; };
		1CBFE88B2A1F8DC0003A65ED /* gothampro_blackitalic.ttf */ = {isa = PBXFileReference; lastKnownFileType = file; path = gothampro_blackitalic.ttf; sourceTree = "<group>"; };
		1CBFE88C2A1F8DC0003A65ED /* gothampro_light.ttf */ = {isa = PBXFileReference; lastKnownFileType = file; path = gothampro_light.ttf; sourceTree = "<group>"; };
		1CBFE88D2A1F8DC0003A65ED /* gothampro_italic.ttf */ = {isa = PBXFileReference; lastKnownFileType = file; path = gothampro_italic.ttf; sourceTree = "<group>"; };
		1CBFE88E2A1F8DC0003A65ED /* gothampro_medium.ttf */ = {isa = PBXFileReference; lastKnownFileType = file; path = gothampro_medium.ttf; sourceTree = "<group>"; };
		1CBFE88F2A1F8DC0003A65ED /* gothampro.ttf */ = {isa = PBXFileReference; lastKnownFileType = file; path = gothampro.ttf; sourceTree = "<group>"; };
		1CBFE8902A1F8DC0003A65ED /* gothampro_bold.ttf */ = {isa = PBXFileReference; lastKnownFileType = file; path = gothampro_bold.ttf; sourceTree = "<group>"; };
		1CBFE8912A1F8DC0003A65ED /* gothampro_bolditalic.ttf */ = {isa = PBXFileReference; lastKnownFileType = file; path = gothampro_bolditalic.ttf; sourceTree = "<group>"; };
		1CBFE8922A1F8DC0003A65ED /* gothampro_lightitalic.ttf */ = {isa = PBXFileReference; lastKnownFileType = file; path = gothampro_lightitalic.ttf; sourceTree = "<group>"; };
		1CBFE8932A1F8DC0003A65ED /* gothampro_mediumitalic.ttf */ = {isa = PBXFileReference; lastKnownFileType = file; path = gothampro_mediumitalic.ttf; sourceTree = "<group>"; };
		1CBFE8942A1F8DC0003A65ED /* gothampro_black.ttf */ = {isa = PBXFileReference; lastKnownFileType = file; path = gothampro_black.ttf; sourceTree = "<group>"; };
		1CD97DD72A1F82D90004518D /* neobis_ios_auth.app */ = {isa = PBXFileReference; explicitFileType = wrapper.application; includeInIndex = 0; path = neobis_ios_auth.app; sourceTree = BUILT_PRODUCTS_DIR; };
		1CD97DDA2A1F82D90004518D /* AppDelegate.swift */ = {isa = PBXFileReference; lastKnownFileType = sourcecode.swift; path = AppDelegate.swift; sourceTree = "<group>"; };
		1CD97DDC2A1F82D90004518D /* SceneDelegate.swift */ = {isa = PBXFileReference; lastKnownFileType = sourcecode.swift; path = SceneDelegate.swift; sourceTree = "<group>"; };
		1CD97DDE2A1F82D90004518D /* SplashViewController.swift */ = {isa = PBXFileReference; lastKnownFileType = sourcecode.swift; path = SplashViewController.swift; sourceTree = "<group>"; };
		1CD97DE32A1F82DA0004518D /* Assets.xcassets */ = {isa = PBXFileReference; lastKnownFileType = folder.assetcatalog; path = Assets.xcassets; sourceTree = "<group>"; };
		1CD97DE62A1F82DA0004518D /* Base */ = {isa = PBXFileReference; lastKnownFileType = file.storyboard; name = Base; path = Base.lproj/LaunchScreen.storyboard; sourceTree = "<group>"; };
		1CD97DE82A1F82DA0004518D /* Info.plist */ = {isa = PBXFileReference; lastKnownFileType = text.plist.xml; path = Info.plist; sourceTree = "<group>"; };
		1CDA8A6D2A20C9A40046856B /* LoginViewController.swift */ = {isa = PBXFileReference; lastKnownFileType = sourcecode.swift; path = LoginViewController.swift; sourceTree = "<group>"; };
		1CDA8A702A20CC4B0046856B /* LoginScreenView.swift */ = {isa = PBXFileReference; lastKnownFileType = sourcecode.swift; path = LoginScreenView.swift; sourceTree = "<group>"; };
		1CDA8A722A2375810046856B /* LoginViewModel.swift */ = {isa = PBXFileReference; lastKnownFileType = sourcecode.swift; path = LoginViewModel.swift; sourceTree = "<group>"; };
		1CDA8A782A24BB6C0046856B /* RegistrationViewController.swift */ = {isa = PBXFileReference; lastKnownFileType = sourcecode.swift; path = RegistrationViewController.swift; sourceTree = "<group>"; };
		1CDA8A7A2A24BB7A0046856B /* RegistrationScreenView.swift */ = {isa = PBXFileReference; lastKnownFileType = sourcecode.swift; path = RegistrationScreenView.swift; sourceTree = "<group>"; };
		1CDA8A7D2A2775930046856B /* ResetViewController.swift */ = {isa = PBXFileReference; lastKnownFileType = sourcecode.swift; path = ResetViewController.swift; sourceTree = "<group>"; };
		1CDA8A7F2A27759D0046856B /* ResetView.swift */ = {isa = PBXFileReference; lastKnownFileType = sourcecode.swift; path = ResetView.swift; sourceTree = "<group>"; };
		1CDA8A822A2B34D00046856B /* CustomTextField.swift */ = {isa = PBXFileReference; lastKnownFileType = sourcecode.swift; path = CustomTextField.swift; sourceTree = "<group>"; };
		1CDA8A842A2DCC7A0046856B /* UserModel.swift */ = {isa = PBXFileReference; lastKnownFileType = sourcecode.swift; path = UserModel.swift; sourceTree = "<group>"; };
		1CDA8A872A2DCCAB0046856B /* UserService.swift */ = {isa = PBXFileReference; lastKnownFileType = sourcecode.swift; path = UserService.swift; sourceTree = "<group>"; };
/* End PBXFileReference section */

/* Begin PBXFrameworksBuildPhase section */
		1CD97DD42A1F82D90004518D /* Frameworks */ = {
			isa = PBXFrameworksBuildPhase;
			buildActionMask = 2147483647;
			files = (
				1CBFE8892A1F8819003A65ED /* SnapKit in Frameworks */,
			);
			runOnlyForDeploymentPostprocessing = 0;
		};
/* End PBXFrameworksBuildPhase section */

/* Begin PBXGroup section */
		1CBFE8812A1F8735003A65ED /* Models */ = {
			isa = PBXGroup;
			children = (
				1CDA8A842A2DCC7A0046856B /* UserModel.swift */,
			);
			path = Models;
			sourceTree = "<group>";
		};
		1CBFE8832A1F874C003A65ED /* ViewModels */ = {
			isa = PBXGroup;
			children = (
				1CDA8A722A2375810046856B /* LoginViewModel.swift */,
			);
			path = ViewModels;
			sourceTree = "<group>";
		};
		1CBFE8842A1F8754003A65ED /* Views */ = {
			isa = PBXGroup;
			children = (
				1CDA8A812A2B34AE0046856B /* TextField */,
				1CDA8A7C2A2775790046856B /* ResetPasswordScreen */,
				1CDA8A772A24BB5A0046856B /* RegistrationScreen */,
				1CDA8A6B2A20C9150046856B /* SplashScreen */,
				1CDA8A6C2A20C95F0046856B /* LoginScreen */,
			);
			path = Views;
			sourceTree = "<group>";
		};
		1CBFE88A2A1F8D9D003A65ED /* Fonts */ = {
			isa = PBXGroup;
			children = (
				1CBFE8942A1F8DC0003A65ED /* gothampro_black.ttf */,
				1CBFE88B2A1F8DC0003A65ED /* gothampro_blackitalic.ttf */,
				1CBFE8902A1F8DC0003A65ED /* gothampro_bold.ttf */,
				1CBFE8912A1F8DC0003A65ED /* gothampro_bolditalic.ttf */,
				1CBFE88D2A1F8DC0003A65ED /* gothampro_italic.ttf */,
				1CBFE88C2A1F8DC0003A65ED /* gothampro_light.ttf */,
				1CBFE8922A1F8DC0003A65ED /* gothampro_lightitalic.ttf */,
				1CBFE88E2A1F8DC0003A65ED /* gothampro_medium.ttf */,
				1CBFE8932A1F8DC0003A65ED /* gothampro_mediumitalic.ttf */,
				1CBFE88F2A1F8DC0003A65ED /* gothampro.ttf */,
			);
			path = Fonts;
			sourceTree = "<group>";
		};
		1CD97DCE2A1F82D90004518D = {
			isa = PBXGroup;
			children = (
				1CD97DD92A1F82D90004518D /* neobis_ios_auth */,
				1CD97DD82A1F82D90004518D /* Products */,
			);
			sourceTree = "<group>";
		};
		1CD97DD82A1F82D90004518D /* Products */ = {
			isa = PBXGroup;
			children = (
				1CD97DD72A1F82D90004518D /* neobis_ios_auth.app */,
			);
			name = Products;
			sourceTree = "<group>";
		};
		1CD97DD92A1F82D90004518D /* neobis_ios_auth */ = {
			isa = PBXGroup;
			children = (
				1CDA8A862A2DCC9E0046856B /* Service */,
				1CBFE88A2A1F8D9D003A65ED /* Fonts */,
				1CBFE8842A1F8754003A65ED /* Views */,
				1CBFE8832A1F874C003A65ED /* ViewModels */,
				1CBFE8812A1F8735003A65ED /* Models */,
				1CD97DDA2A1F82D90004518D /* AppDelegate.swift */,
				1CD97DDC2A1F82D90004518D /* SceneDelegate.swift */,
				1CD97DE32A1F82DA0004518D /* Assets.xcassets */,
				1CD97DE52A1F82DA0004518D /* LaunchScreen.storyboard */,
				1CD97DE82A1F82DA0004518D /* Info.plist */,
			);
			path = neobis_ios_auth;
			sourceTree = "<group>";
		};
		1CDA8A6B2A20C9150046856B /* SplashScreen */ = {
			isa = PBXGroup;
			children = (
				1CD97DDE2A1F82D90004518D /* SplashViewController.swift */,
				1CBFE8852A1F87FF003A65ED /* SplashScreenView.swift */,
			);
			path = SplashScreen;
			sourceTree = "<group>";
		};
		1CDA8A6C2A20C95F0046856B /* LoginScreen */ = {
			isa = PBXGroup;
			children = (
				1CDA8A6D2A20C9A40046856B /* LoginViewController.swift */,
				1CDA8A702A20CC4B0046856B /* LoginScreenView.swift */,
			);
			path = LoginScreen;
			sourceTree = "<group>";
		};
		1CDA8A772A24BB5A0046856B /* RegistrationScreen */ = {
			isa = PBXGroup;
			children = (
				1CDA8A782A24BB6C0046856B /* RegistrationViewController.swift */,
				1CDA8A7A2A24BB7A0046856B /* RegistrationScreenView.swift */,
			);
			path = RegistrationScreen;
			sourceTree = "<group>";
		};
		1CDA8A7C2A2775790046856B /* ResetPasswordScreen */ = {
			isa = PBXGroup;
			children = (
				1CDA8A7D2A2775930046856B /* ResetViewController.swift */,
				1CDA8A7F2A27759D0046856B /* ResetView.swift */,
			);
			path = ResetPasswordScreen;
			sourceTree = "<group>";
		};
		1CDA8A812A2B34AE0046856B /* TextField */ = {
			isa = PBXGroup;
			children = (
				1CDA8A822A2B34D00046856B /* CustomTextField.swift */,
			);
			path = TextField;
			sourceTree = "<group>";
		};
		1CDA8A862A2DCC9E0046856B /* Service */ = {
			isa = PBXGroup;
			children = (
				1CDA8A872A2DCCAB0046856B /* UserService.swift */,
			);
			path = Service;
			sourceTree = "<group>";
		};
/* End PBXGroup section */

/* Begin PBXNativeTarget section */
		1CD97DD62A1F82D90004518D /* neobis_ios_auth */ = {
			isa = PBXNativeTarget;
			buildConfigurationList = 1CD97DEB2A1F82DA0004518D /* Build configuration list for PBXNativeTarget "neobis_ios_auth" */;
			buildPhases = (
				1CD97DD32A1F82D90004518D /* Sources */,
				1CD97DD42A1F82D90004518D /* Frameworks */,
				1CD97DD52A1F82D90004518D /* Resources */,
			);
			buildRules = (
			);
			dependencies = (
			);
			name = neobis_ios_auth;
			packageProductDependencies = (
				1CBFE8882A1F8819003A65ED /* SnapKit */,
			);
			productName = neobis_ios_auth;
			productReference = 1CD97DD72A1F82D90004518D /* neobis_ios_auth.app */;
			productType = "com.apple.product-type.application";
		};
/* End PBXNativeTarget section */

/* Begin PBXProject section */
		1CD97DCF2A1F82D90004518D /* Project object */ = {
			isa = PBXProject;
			attributes = {
				BuildIndependentTargetsInParallel = 1;
				LastSwiftUpdateCheck = 1430;
				LastUpgradeCheck = 1430;
				TargetAttributes = {
					1CD97DD62A1F82D90004518D = {
						CreatedOnToolsVersion = 14.3;
					};
				};
			};
			buildConfigurationList = 1CD97DD22A1F82D90004518D /* Build configuration list for PBXProject "neobis_ios_auth" */;
			compatibilityVersion = "Xcode 14.0";
			developmentRegion = en;
			hasScannedForEncodings = 0;
			knownRegions = (
				en,
				Base,
			);
			mainGroup = 1CD97DCE2A1F82D90004518D;
			packageReferences = (
				1CBFE8872A1F8819003A65ED /* XCRemoteSwiftPackageReference "Snapkit" */,
			);
			productRefGroup = 1CD97DD82A1F82D90004518D /* Products */;
			projectDirPath = "";
			projectRoot = "";
			targets = (
				1CD97DD62A1F82D90004518D /* neobis_ios_auth */,
			);
		};
/* End PBXProject section */

/* Begin PBXResourcesBuildPhase section */
		1CD97DD52A1F82D90004518D /* Resources */ = {
			isa = PBXResourcesBuildPhase;
			buildActionMask = 2147483647;
			files = (
				1CBFE8972A1F8DC0003A65ED /* gothampro_italic.ttf in Resources */,
				1CBFE89C2A1F8DC0003A65ED /* gothampro_lightitalic.ttf in Resources */,
				1CD97DE72A1F82DA0004518D /* LaunchScreen.storyboard in Resources */,
				1CBFE89D2A1F8DC0003A65ED /* gothampro_mediumitalic.ttf in Resources */,
				1CD97DE42A1F82DA0004518D /* Assets.xcassets in Resources */,
				1CBFE8982A1F8DC0003A65ED /* gothampro_medium.ttf in Resources */,
				1CBFE8952A1F8DC0003A65ED /* gothampro_blackitalic.ttf in Resources */,
				1CBFE8992A1F8DC0003A65ED /* gothampro.ttf in Resources */,
				1CBFE89E2A1F8DC0003A65ED /* gothampro_black.ttf in Resources */,
				1CBFE8962A1F8DC0003A65ED /* gothampro_light.ttf in Resources */,
				1CBFE89A2A1F8DC0003A65ED /* gothampro_bold.ttf in Resources */,
				1CBFE89B2A1F8DC0003A65ED /* gothampro_bolditalic.ttf in Resources */,
			);
			runOnlyForDeploymentPostprocessing = 0;
		};
/* End PBXResourcesBuildPhase section */

/* Begin PBXSourcesBuildPhase section */
		1CD97DD32A1F82D90004518D /* Sources */ = {
			isa = PBXSourcesBuildPhase;
			buildActionMask = 2147483647;
			files = (
				1CDA8A882A2DCCAB0046856B /* UserService.swift in Sources */,
				1CD97DDF2A1F82D90004518D /* SplashViewController.swift in Sources */,
				1CBFE8862A1F87FF003A65ED /* SplashScreenView.swift in Sources */,
				1CDA8A7B2A24BB7A0046856B /* RegistrationScreenView.swift in Sources */,
				1CDA8A792A24BB6C0046856B /* RegistrationViewController.swift in Sources */,
				1CDA8A7E2A2775930046856B /* ResetViewController.swift in Sources */,
				1CDA8A852A2DCC7A0046856B /* UserModel.swift in Sources */,
				1CDA8A802A27759D0046856B /* ResetView.swift in Sources */,
				1CD97DDB2A1F82D90004518D /* AppDelegate.swift in Sources */,
				1CDA8A6E2A20C9A40046856B /* LoginViewController.swift in Sources */,
				1CDA8A832A2B34D00046856B /* CustomTextField.swift in Sources */,
				1CDA8A712A20CC4B0046856B /* LoginScreenView.swift in Sources */,
				1CD97DDD2A1F82D90004518D /* SceneDelegate.swift in Sources */,
				1CDA8A732A2375810046856B /* LoginViewModel.swift in Sources */,
			);
			runOnlyForDeploymentPostprocessing = 0;
		};
/* End PBXSourcesBuildPhase section */

/* Begin PBXVariantGroup section */
		1CD97DE52A1F82DA0004518D /* LaunchScreen.storyboard */ = {
			isa = PBXVariantGroup;
			children = (
				1CD97DE62A1F82DA0004518D /* Base */,
			);
			name = LaunchScreen.storyboard;
			sourceTree = "<group>";
		};
/* End PBXVariantGroup section */

/* Begin XCBuildConfiguration section */
		1CD97DE92A1F82DA0004518D /* Debug */ = {
			isa = XCBuildConfiguration;
			buildSettings = {
				ALWAYS_SEARCH_USER_PATHS = NO;
				CLANG_ANALYZER_NONNULL = YES;
				CLANG_ANALYZER_NUMBER_OBJECT_CONVERSION = YES_AGGRESSIVE;
				CLANG_CXX_LANGUAGE_STANDARD = "gnu++20";
				CLANG_ENABLE_MODULES = YES;
				CLANG_ENABLE_OBJC_ARC = YES;
				CLANG_ENABLE_OBJC_WEAK = YES;
				CLANG_WARN_BLOCK_CAPTURE_AUTORELEASING = YES;
				CLANG_WARN_BOOL_CONVERSION = YES;
				CLANG_WARN_COMMA = YES;
				CLANG_WARN_CONSTANT_CONVERSION = YES;
				CLANG_WARN_DEPRECATED_OBJC_IMPLEMENTATIONS = YES;
				CLANG_WARN_DIRECT_OBJC_ISA_USAGE = YES_ERROR;
				CLANG_WARN_DOCUMENTATION_COMMENTS = YES;
				CLANG_WARN_EMPTY_BODY = YES;
				CLANG_WARN_ENUM_CONVERSION = YES;
				CLANG_WARN_INFINITE_RECURSION = YES;
				CLANG_WARN_INT_CONVERSION = YES;
				CLANG_WARN_NON_LITERAL_NULL_CONVERSION = YES;
				CLANG_WARN_OBJC_IMPLICIT_RETAIN_SELF = YES;
				CLANG_WARN_OBJC_LITERAL_CONVERSION = YES;
				CLANG_WARN_OBJC_ROOT_CLASS = YES_ERROR;
				CLANG_WARN_QUOTED_INCLUDE_IN_FRAMEWORK_HEADER = YES;
				CLANG_WARN_RANGE_LOOP_ANALYSIS = YES;
				CLANG_WARN_STRICT_PROTOTYPES = YES;
				CLANG_WARN_SUSPICIOUS_MOVE = YES;
				CLANG_WARN_UNGUARDED_AVAILABILITY = YES_AGGRESSIVE;
				CLANG_WARN_UNREACHABLE_CODE = YES;
				CLANG_WARN__DUPLICATE_METHOD_MATCH = YES;
				COPY_PHASE_STRIP = NO;
				DEBUG_INFORMATION_FORMAT = dwarf;
				ENABLE_STRICT_OBJC_MSGSEND = YES;
				ENABLE_TESTABILITY = YES;
				GCC_C_LANGUAGE_STANDARD = gnu11;
				GCC_DYNAMIC_NO_PIC = NO;
				GCC_NO_COMMON_BLOCKS = YES;
				GCC_OPTIMIZATION_LEVEL = 0;
				GCC_PREPROCESSOR_DEFINITIONS = (
					"DEBUG=1",
					"$(inherited)",
				);
				GCC_WARN_64_TO_32_BIT_CONVERSION = YES;
				GCC_WARN_ABOUT_RETURN_TYPE = YES_ERROR;
				GCC_WARN_UNDECLARED_SELECTOR = YES;
				GCC_WARN_UNINITIALIZED_AUTOS = YES_AGGRESSIVE;
				GCC_WARN_UNUSED_FUNCTION = YES;
				GCC_WARN_UNUSED_VARIABLE = YES;
				IPHONEOS_DEPLOYMENT_TARGET = 16.4;
				MTL_ENABLE_DEBUG_INFO = INCLUDE_SOURCE;
				MTL_FAST_MATH = YES;
				ONLY_ACTIVE_ARCH = YES;
				SDKROOT = iphoneos;
				SWIFT_ACTIVE_COMPILATION_CONDITIONS = DEBUG;
				SWIFT_OPTIMIZATION_LEVEL = "-Onone";
			};
			name = Debug;
		};
		1CD97DEA2A1F82DA0004518D /* Release */ = {
			isa = XCBuildConfiguration;
			buildSettings = {
				ALWAYS_SEARCH_USER_PATHS = NO;
				CLANG_ANALYZER_NONNULL = YES;
				CLANG_ANALYZER_NUMBER_OBJECT_CONVERSION = YES_AGGRESSIVE;
				CLANG_CXX_LANGUAGE_STANDARD = "gnu++20";
				CLANG_ENABLE_MODULES = YES;
				CLANG_ENABLE_OBJC_ARC = YES;
				CLANG_ENABLE_OBJC_WEAK = YES;
				CLANG_WARN_BLOCK_CAPTURE_AUTORELEASING = YES;
				CLANG_WARN_BOOL_CONVERSION = YES;
				CLANG_WARN_COMMA = YES;
				CLANG_WARN_CONSTANT_CONVERSION = YES;
				CLANG_WARN_DEPRECATED_OBJC_IMPLEMENTATIONS = YES;
				CLANG_WARN_DIRECT_OBJC_ISA_USAGE = YES_ERROR;
				CLANG_WARN_DOCUMENTATION_COMMENTS = YES;
				CLANG_WARN_EMPTY_BODY = YES;
				CLANG_WARN_ENUM_CONVERSION = YES;
				CLANG_WARN_INFINITE_RECURSION = YES;
				CLANG_WARN_INT_CONVERSION = YES;
				CLANG_WARN_NON_LITERAL_NULL_CONVERSION = YES;
				CLANG_WARN_OBJC_IMPLICIT_RETAIN_SELF = YES;
				CLANG_WARN_OBJC_LITERAL_CONVERSION = YES;
				CLANG_WARN_OBJC_ROOT_CLASS = YES_ERROR;
				CLANG_WARN_QUOTED_INCLUDE_IN_FRAMEWORK_HEADER = YES;
				CLANG_WARN_RANGE_LOOP_ANALYSIS = YES;
				CLANG_WARN_STRICT_PROTOTYPES = YES;
				CLANG_WARN_SUSPICIOUS_MOVE = YES;
				CLANG_WARN_UNGUARDED_AVAILABILITY = YES_AGGRESSIVE;
				CLANG_WARN_UNREACHABLE_CODE = YES;
				CLANG_WARN__DUPLICATE_METHOD_MATCH = YES;
				COPY_PHASE_STRIP = NO;
				DEBUG_INFORMATION_FORMAT = "dwarf-with-dsym";
				ENABLE_NS_ASSERTIONS = NO;
				ENABLE_STRICT_OBJC_MSGSEND = YES;
				GCC_C_LANGUAGE_STANDARD = gnu11;
				GCC_NO_COMMON_BLOCKS = YES;
				GCC_WARN_64_TO_32_BIT_CONVERSION = YES;
				GCC_WARN_ABOUT_RETURN_TYPE = YES_ERROR;
				GCC_WARN_UNDECLARED_SELECTOR = YES;
				GCC_WARN_UNINITIALIZED_AUTOS = YES_AGGRESSIVE;
				GCC_WARN_UNUSED_FUNCTION = YES;
				GCC_WARN_UNUSED_VARIABLE = YES;
				IPHONEOS_DEPLOYMENT_TARGET = 16.4;
				MTL_ENABLE_DEBUG_INFO = NO;
				MTL_FAST_MATH = YES;
				SDKROOT = iphoneos;
				SWIFT_COMPILATION_MODE = wholemodule;
				SWIFT_OPTIMIZATION_LEVEL = "-O";
				VALIDATE_PRODUCT = YES;
			};
			name = Release;
		};
		1CD97DEC2A1F82DA0004518D /* Debug */ = {
			isa = XCBuildConfiguration;
			buildSettings = {
				ASSETCATALOG_COMPILER_APPICON_NAME = AppIcon;
				ASSETCATALOG_COMPILER_GLOBAL_ACCENT_COLOR_NAME = AccentColor;
				CODE_SIGN_STYLE = Automatic;
				CURRENT_PROJECT_VERSION = 1;
				DEVELOPMENT_TEAM = QDV7MRC2HW;
				GENERATE_INFOPLIST_FILE = YES;
				INFOPLIST_FILE = neobis_ios_auth/Info.plist;
				INFOPLIST_KEY_UIApplicationSupportsIndirectInputEvents = YES;
				INFOPLIST_KEY_UILaunchStoryboardName = LaunchScreen;
				INFOPLIST_KEY_UISupportedInterfaceOrientations_iPad = "UIInterfaceOrientationPortrait UIInterfaceOrientationPortraitUpsideDown UIInterfaceOrientationLandscapeLeft UIInterfaceOrientationLandscapeRight";
				INFOPLIST_KEY_UISupportedInterfaceOrientations_iPhone = "UIInterfaceOrientationPortrait UIInterfaceOrientationLandscapeLeft UIInterfaceOrientationLandscapeRight";
				LD_RUNPATH_SEARCH_PATHS = (
					"$(inherited)",
					"@executable_path/Frameworks",
				);
				MARKETING_VERSION = 1.0;
				PRODUCT_BUNDLE_IDENTIFIER = "aidarrsh.neobis-ios-auth";
				PRODUCT_NAME = "$(TARGET_NAME)";
				SWIFT_EMIT_LOC_STRINGS = YES;
				SWIFT_VERSION = 5.0;
				TARGETED_DEVICE_FAMILY = "1,2";
			};
			name = Debug;
		};
		1CD97DED2A1F82DA0004518D /* Release */ = {
			isa = XCBuildConfiguration;
			buildSettings = {
				ASSETCATALOG_COMPILER_APPICON_NAME = AppIcon;
				ASSETCATALOG_COMPILER_GLOBAL_ACCENT_COLOR_NAME = AccentColor;
				CODE_SIGN_STYLE = Automatic;
				CURRENT_PROJECT_VERSION = 1;
				DEVELOPMENT_TEAM = QDV7MRC2HW;
				GENERATE_INFOPLIST_FILE = YES;
				INFOPLIST_FILE = neobis_ios_auth/Info.plist;
				INFOPLIST_KEY_UIApplicationSupportsIndirectInputEvents = YES;
				INFOPLIST_KEY_UILaunchStoryboardName = LaunchScreen;
				INFOPLIST_KEY_UISupportedInterfaceOrientations_iPad = "UIInterfaceOrientationPortrait UIInterfaceOrientationPortraitUpsideDown UIInterfaceOrientationLandscapeLeft UIInterfaceOrientationLandscapeRight";
				INFOPLIST_KEY_UISupportedInterfaceOrientations_iPhone = "UIInterfaceOrientationPortrait UIInterfaceOrientationLandscapeLeft UIInterfaceOrientationLandscapeRight";
				LD_RUNPATH_SEARCH_PATHS = (
					"$(inherited)",
					"@executable_path/Frameworks",
				);
				MARKETING_VERSION = 1.0;
				PRODUCT_BUNDLE_IDENTIFIER = "aidarrsh.neobis-ios-auth";
				PRODUCT_NAME = "$(TARGET_NAME)";
				SWIFT_EMIT_LOC_STRINGS = YES;
				SWIFT_VERSION = 5.0;
				TARGETED_DEVICE_FAMILY = "1,2";
			};
			name = Release;
		};
/* End XCBuildConfiguration section */

/* Begin XCConfigurationList section */
		1CD97DD22A1F82D90004518D /* Build configuration list for PBXProject "neobis_ios_auth" */ = {
			isa = XCConfigurationList;
			buildConfigurations = (
				1CD97DE92A1F82DA0004518D /* Debug */,
				1CD97DEA2A1F82DA0004518D /* Release */,
			);
			defaultConfigurationIsVisible = 0;
			defaultConfigurationName = Release;
		};
		1CD97DEB2A1F82DA0004518D /* Build configuration list for PBXNativeTarget "neobis_ios_auth" */ = {
			isa = XCConfigurationList;
			buildConfigurations = (
				1CD97DEC2A1F82DA0004518D /* Debug */,
				1CD97DED2A1F82DA0004518D /* Release */,
			);
			defaultConfigurationIsVisible = 0;
			defaultConfigurationName = Release;
		};
/* End XCConfigurationList section */

/* Begin XCRemoteSwiftPackageReference section */
		1CBFE8872A1F8819003A65ED /* XCRemoteSwiftPackageReference "Snapkit" */ = {
			isa = XCRemoteSwiftPackageReference;
			repositoryURL = "https://github.com/Snapkit/Snapkit.git";
			requirement = {
				kind = upToNextMajorVersion;
				minimumVersion = 5.0.0;
			};
		};
/* End XCRemoteSwiftPackageReference section */

/* Begin XCSwiftPackageProductDependency section */
		1CBFE8882A1F8819003A65ED /* SnapKit */ = {
			isa = XCSwiftPackageProductDependency;
			package = 1CBFE8872A1F8819003A65ED /* XCRemoteSwiftPackageReference "Snapkit" */;
			productName = SnapKit;
		};
/* End XCSwiftPackageProductDependency section */
	};
	rootObject = 1CD97DCF2A1F82D90004518D /* Project object */;
}
